
Microsoft Visual Studio Solution File, Format Version 12.00
# Visual Studio Version 17
VisualStudioVersion = 17.7.34221.43
MinimumVisualStudioVersion = 10.0.40219.1
Project("{9A19103F-16F7-4668-BE54-9A1E7A4F7556}") = "Pen300", "Pen300\Pen300.csproj", "{F308148F-0476-4612-BF66-4548FCD04B39}"
EndProject
Project("{FAE04EC0-301F-11D3-BF4B-00C04F79EFBC}") = "ExtensionToolkit", "ExtensionToolkit\ExtensionToolkit.csproj", "{E0AE232A-7FED-447B-AB29-22E77184F301}"
EndProject
Project("{FAE04EC0-301F-11D3-BF4B-00C04F79EFBC}") = "Execution", "Execution\Execution.csproj", "{9B001E0C-1851-4D5A-8CA6-1A611EFAA3F1}"
EndProject
Project("{FAE04EC0-301F-11D3-BF4B-00C04F79EFBC}") = "ClassLibrary1", "ClassLibrary1\ClassLibrary1.csproj", "{4C2B0440-9ED3-4FDD-AA54-A4296B2A950B}"
EndProject
Global
	GlobalSection(SolutionConfigurationPlatforms) = preSolution
		Debug|Any CPU = Debug|Any CPU
		Debug|x64 = Debug|x64
		Release|Any CPU = Release|Any CPU
		Release|x64 = Release|x64
	EndGlobalSection
	GlobalSection(ProjectConfigurationPlatforms) = postSolution
		{F308148F-0476-4612-BF66-4548FCD04B39}.Debug|Any CPU.ActiveCfg = Debug|Any CPU
		{F308148F-0476-4612-BF66-4548FCD04B39}.Debug|Any CPU.Build.0 = Debug|Any CPU
		{F308148F-0476-4612-BF66-4548FCD04B39}.Debug|x64.ActiveCfg = Debug|Any CPU
		{F308148F-0476-4612-BF66-4548FCD04B39}.Debug|x64.Build.0 = Debug|Any CPU
		{F308148F-0476-4612-BF66-4548FCD04B39}.Release|Any CPU.ActiveCfg = Release|Any CPU
		{F308148F-0476-4612-BF66-4548FCD04B39}.Release|Any CPU.Build.0 = Release|Any CPU
		{F308148F-0476-4612-BF66-4548FCD04B39}.Release|x64.ActiveCfg = Release|Any CPU
		{F308148F-0476-4612-BF66-4548FCD04B39}.Release|x64.Build.0 = Release|Any CPU
		{E0AE232A-7FED-447B-AB29-22E77184F301}.Debug|Any CPU.ActiveCfg = Debug|Any CPU
		{E0AE232A-7FED-447B-AB29-22E77184F301}.Debug|Any CPU.Build.0 = Debug|Any CPU
		{E0AE232A-7FED-447B-AB29-22E77184F301}.Debug|x64.ActiveCfg = Debug|x64
		{E0AE232A-7FED-447B-AB29-22E77184F301}.Debug|x64.Build.0 = Debug|x64
		{E0AE232A-7FED-447B-AB29-22E77184F301}.Release|Any CPU.ActiveCfg = Release|Any CPU
		{E0AE232A-7FED-447B-AB29-22E77184F301}.Release|Any CPU.Build.0 = Release|Any CPU
		{E0AE232A-7FED-447B-AB29-22E77184F301}.Release|x64.ActiveCfg = Release|x64
		{E0AE232A-7FED-447B-AB29-22E77184F301}.Release|x64.Build.0 = Release|x64
		{9B001E0C-1851-4D5A-8CA6-1A611EFAA3F1}.Debug|Any CPU.ActiveCfg = Debug|Any CPU
		{9B001E0C-1851-4D5A-8CA6-1A611EFAA3F1}.Debug|Any CPU.Build.0 = Debug|Any CPU
		{9B001E0C-1851-4D5A-8CA6-1A611EFAA3F1}.Debug|x64.ActiveCfg = Debug|x64
		{9B001E0C-1851-4D5A-8CA6-1A611EFAA3F1}.Debug|x64.Build.0 = Debug|x64
		{9B001E0C-1851-4D5A-8CA6-1A611EFAA3F1}.Release|Any CPU.ActiveCfg = Release|Any CPU
		{9B001E0C-1851-4D5A-8CA6-1A611EFAA3F1}.Release|Any CPU.Build.0 = Release|Any CPU
		{9B001E0C-1851-4D5A-8CA6-1A611EFAA3F1}.Release|x64.ActiveCfg = Release|x64
		{9B001E0C-1851-4D5A-8CA6-1A611EFAA3F1}.Release|x64.Build.0 = Release|x64
		{4C2B0440-9ED3-4FDD-AA54-A4296B2A950B}.Debug|Any CPU.ActiveCfg = Debug|Any CPU
		{4C2B0440-9ED3-4FDD-AA54-A4296B2A950B}.Debug|Any CPU.Build.0 = Debug|Any CPU
		{4C2B0440-9ED3-4FDD-AA54-A4296B2A950B}.Debug|x64.ActiveCfg = Debug|Any CPU
		{4C2B0440-9ED3-4FDD-AA54-A4296B2A950B}.Debug|x64.Build.0 = Debug|Any CPU
		{4C2B0440-9ED3-4FDD-AA54-A4296B2A950B}.Release|Any CPU.ActiveCfg = Release|Any CPU
		{4C2B0440-9ED3-4FDD-AA54-A4296B2A950B}.Release|Any CPU.Build.0 = Release|Any CPU
		{4C2B0440-9ED3-4FDD-AA54-A4296B2A950B}.Release|x64.ActiveCfg = Release|Any CPU
		{4C2B0440-9ED3-4FDD-AA54-A4296B2A950B}.Release|x64.Build.0 = Release|Any CPU
	EndGlobalSection
	GlobalSection(SolutionProperties) = preSolution
		HideSolutionNode = FALSE
	EndGlobalSection
	GlobalSection(ExtensibilityGlobals) = postSolution
		SolutionGuid = {8A86B26A-556E-48DF-865D-94532577B9F5}
	EndGlobalSection
EndGlobal
