
Microsoft Visual Studio Solution File, Format Version 12.00
# Visual Studio Version 17
VisualStudioVersion = 17.7.34221.43
MinimumVisualStudioVersion = 10.0.40219.1
Project("{FAE04EC0-301F-11D3-BF4B-00C04F79EFBC}") = "Pen300", "Pen300.csproj", "{C150EA82-7B1E-4099-8894-89D7736B2BA6}"
EndProject
Global
	GlobalSection(SolutionConfigurationPlatforms) = preSolution
		Debug|Any CPU = Debug|Any CPU
		Release|Any CPU = Release|Any CPU
	EndGlobalSection
	GlobalSection(ProjectConfigurationPlatforms) = postSolution
		{C150EA82-7B1E-4099-8894-89D7736B2BA6}.Debug|Any CPU.ActiveCfg = Debug|Any CPU
		{C150EA82-7B1E-4099-8894-89D7736B2BA6}.Debug|Any CPU.Build.0 = Debug|Any CPU
		{C150EA82-7B1E-4099-8894-89D7736B2BA6}.Release|Any CPU.ActiveCfg = Release|Any CPU
		{C150EA82-7B1E-4099-8894-89D7736B2BA6}.Release|Any CPU.Build.0 = Release|Any CPU
	EndGlobalSection
	GlobalSection(SolutionProperties) = preSolution
		HideSolutionNode = FALSE
	EndGlobalSection
	GlobalSection(ExtensibilityGlobals) = postSolution
		SolutionGuid = {8A86B26A-556E-48DF-865D-94532577B9F5}
	EndGlobalSection
EndGlobal
